
Microsoft Visual Studio Solution File, Format Version 12.00
# Visual Studio Version 16
VisualStudioVersion = 16.0.30523.141
MinimumVisualStudioVersion = 10.0.40219.1
Project("{FAE04EC0-301F-11D3-BF4B-00C04F79EFBC}") = "ConsoleApp1", "ConsoleApp1\ConsoleApp1.csproj", "{5B60B228-8C79-423C-B204-6223C381827F}"
EndProject
Global
	GlobalSection(SolutionConfigurationPlatforms) = preSolution
		Debug|Any CPU = Debug|Any CPU
		Release|Any CPU = Release|Any CPU
	EndGlobalSection
	GlobalSection(ProjectConfigurationPlatforms) = postSolution
		{5B60B228-8C79-423C-B204-6223C381827F}.Debug|Any CPU.ActiveCfg = Debug|Any CPU
		{5B60B228-8C79-423C-B204-6223C381827F}.Debug|Any CPU.Build.0 = Debug|Any CPU
		{5B60B228-8C79-423C-B204-6223C381827F}.Release|Any CPU.ActiveCfg = Release|Any CPU
		{5B60B228-8C79-423C-B204-6223C381827F}.Release|Any CPU.Build.0 = Release|Any CPU
	EndGlobalSection
	GlobalSection(SolutionProperties) = preSolution
		HideSolutionNode = FALSE
	EndGlobalSection
	GlobalSection(ExtensibilityGlobals) = postSolution
		SolutionGuid = {DB66970B-25F4-4C86-8365-8CCF97C18060}
	EndGlobalSection
EndGlobal
